// !$*UTF8*$!
{
	archiveVersion = 1;
	classes = {
	};
	objectVersion = 55;
	objects = {

/* Begin PBXBuildFile section */
		DE0BBD282892C4D70071371E /* AppDelegate.swift in Sources */ = {isa = PBXBuildFile; fileRef = DE0BBD272892C4D70071371E /* AppDelegate.swift */; };
		DE0BBD2A2892C4D70071371E /* SceneDelegate.swift in Sources */ = {isa = PBXBuildFile; fileRef = DE0BBD292892C4D70071371E /* SceneDelegate.swift */; };
		DE0BBD2F2892C4D70071371E /* Main.storyboard in Resources */ = {isa = PBXBuildFile; fileRef = DE0BBD2D2892C4D70071371E /* Main.storyboard */; };
		DE0BBD312892C4D80071371E /* Assets.xcassets in Resources */ = {isa = PBXBuildFile; fileRef = DE0BBD302892C4D80071371E /* Assets.xcassets */; };
		DE0BBD342892C4D80071371E /* LaunchScreen.storyboard in Resources */ = {isa = PBXBuildFile; fileRef = DE0BBD322892C4D80071371E /* LaunchScreen.storyboard */; };
		DE0BBD3F2892C4D80071371E /* StockRankTests.swift in Sources */ = {isa = PBXBuildFile; fileRef = DE0BBD3E2892C4D80071371E /* StockRankTests.swift */; };
		DE0BBD492892C4D80071371E /* StockRankUITests.swift in Sources */ = {isa = PBXBuildFile; fileRef = DE0BBD482892C4D80071371E /* StockRankUITests.swift */; };
		DE0BBD4B2892C4D80071371E /* StockRankUITestsLaunchTests.swift in Sources */ = {isa = PBXBuildFile; fileRef = DE0BBD4A2892C4D80071371E /* StockRankUITestsLaunchTests.swift */; };
		DE0BBD582892C5230071371E /* StockRankViewController.swift in Sources */ = {isa = PBXBuildFile; fileRef = DE0BBD572892C5230071371E /* StockRankViewController.swift */; };
		DE0BBD5A2892C8190071371E /* StockModel.swift in Sources */ = {isa = PBXBuildFile; fileRef = DE0BBD592892C8190071371E /* StockModel.swift */; };
		DE0BBD5C2892D2060071371E /* StockRankCollectionViewCell.swift in Sources */ = {isa = PBXBuildFile; fileRef = DE0BBD5B2892D2060071371E /* StockRankCollectionViewCell.swift */; };
/* End PBXBuildFile section */

/* Begin PBXContainerItemProxy section */
		DE0BBD3B2892C4D80071371E /* PBXContainerItemProxy */ = {
			isa = PBXContainerItemProxy;
			containerPortal = DE0BBD1C2892C4D70071371E /* Project object */;
			proxyType = 1;
			remoteGlobalIDString = DE0BBD232892C4D70071371E;
			remoteInfo = StockRank;
		};
		DE0BBD452892C4D80071371E /* PBXContainerItemProxy */ = {
			isa = PBXContainerItemProxy;
			containerPortal = DE0BBD1C2892C4D70071371E /* Project object */;
			proxyType = 1;
			remoteGlobalIDString = DE0BBD232892C4D70071371E;
			remoteInfo = StockRank;
		};
/* End PBXContainerItemProxy section */

/* Begin PBXFileReference section */
		DE0BBD242892C4D70071371E /* StockRank.app */ = {isa = PBXFileReference; explicitFileType = wrapper.application; includeInIndex = 0; path = StockRank.app; sourceTree = BUILT_PRODUCTS_DIR; };
		DE0BBD272892C4D70071371E /* AppDelegate.swift */ = {isa = PBXFileReference; lastKnownFileType = sourcecode.swift; path = AppDelegate.swift; sourceTree = "<group>"; };
		DE0BBD292892C4D70071371E /* SceneDelegate.swift */ = {isa = PBXFileReference; lastKnownFileType = sourcecode.swift; path = SceneDelegate.swift; sourceTree = "<group>"; };
		DE0BBD2E2892C4D70071371E /* Base */ = {isa = PBXFileReference; lastKnownFileType = file.storyboard; name = Base; path = Base.lproj/Main.storyboard; sourceTree = "<group>"; };
		DE0BBD302892C4D80071371E /* Assets.xcassets */ = {isa = PBXFileReference; lastKnownFileType = folder.assetcatalog; path = Assets.xcassets; sourceTree = "<group>"; };
		DE0BBD332892C4D80071371E /* Base */ = {isa = PBXFileReference; lastKnownFileType = file.storyboard; name = Base; path = Base.lproj/LaunchScreen.storyboard; sourceTree = "<group>"; };
		DE0BBD352892C4D80071371E /* Info.plist */ = {isa = PBXFileReference; lastKnownFileType = text.plist.xml; path = Info.plist; sourceTree = "<group>"; };
		DE0BBD3A2892C4D80071371E /* StockRankTests.xctest */ = {isa = PBXFileReference; explicitFileType = wrapper.cfbundle; includeInIndex = 0; path = StockRankTests.xctest; sourceTree = BUILT_PRODUCTS_DIR; };
		DE0BBD3E2892C4D80071371E /* StockRankTests.swift */ = {isa = PBXFileReference; lastKnownFileType = sourcecode.swift; path = StockRankTests.swift; sourceTree = "<group>"; };
		DE0BBD442892C4D80071371E /* StockRankUITests.xctest */ = {isa = PBXFileReference; explicitFileType = wrapper.cfbundle; includeInIndex = 0; path = StockRankUITests.xctest; sourceTree = BUILT_PRODUCTS_DIR; };
		DE0BBD482892C4D80071371E /* StockRankUITests.swift */ = {isa = PBXFileReference; lastKnownFileType = sourcecode.swift; path = StockRankUITests.swift; sourceTree = "<group>"; };
		DE0BBD4A2892C4D80071371E /* StockRankUITestsLaunchTests.swift */ = {isa = PBXFileReference; lastKnownFileType = sourcecode.swift; path = StockRankUITestsLaunchTests.swift; sourceTree = "<group>"; };
		DE0BBD572892C5230071371E /* StockRankViewController.swift */ = {isa = PBXFileReference; lastKnownFileType = sourcecode.swift; path = StockRankViewController.swift; sourceTree = "<group>"; };
		DE0BBD592892C8190071371E /* StockModel.swift */ = {isa = PBXFileReference; lastKnownFileType = sourcecode.swift; path = StockModel.swift; sourceTree = "<group>"; };
		DE0BBD5B2892D2060071371E /* StockRankCollectionViewCell.swift */ = {isa = PBXFileReference; lastKnownFileType = sourcecode.swift; path = StockRankCollectionViewCell.swift; sourceTree = "<group>"; };
/* End PBXFileReference section */

/* Begin PBXFrameworksBuildPhase section */
		DE0BBD212892C4D70071371E /* Frameworks */ = {
			isa = PBXFrameworksBuildPhase;
			buildActionMask = 2147483647;
			files = (
			);
			runOnlyForDeploymentPostprocessing = 0;
		};
		DE0BBD372892C4D80071371E /* Frameworks */ = {
			isa = PBXFrameworksBuildPhase;
			buildActionMask = 2147483647;
			files = (
			);
			runOnlyForDeploymentPostprocessing = 0;
		};
		DE0BBD412892C4D80071371E /* Frameworks */ = {
			isa = PBXFrameworksBuildPhase;
			buildActionMask = 2147483647;
			files = (
			);
			runOnlyForDeploymentPostprocessing = 0;
		};
/* End PBXFrameworksBuildPhase section */

/* Begin PBXGroup section */
		DE0BBD1B2892C4D70071371E = {
			isa = PBXGroup;
			children = (
				DE0BBD262892C4D70071371E /* StockRank */,
				DE0BBD3D2892C4D80071371E /* StockRankTests */,
				DE0BBD472892C4D80071371E /* StockRankUITests */,
				DE0BBD252892C4D70071371E /* Products */,
			);
			sourceTree = "<group>";
		};
		DE0BBD252892C4D70071371E /* Products */ = {
			isa = PBXGroup;
			children = (
				DE0BBD242892C4D70071371E /* StockRank.app */,
				DE0BBD3A2892C4D80071371E /* StockRankTests.xctest */,
				DE0BBD442892C4D80071371E /* StockRankUITests.xctest */,
			);
			name = Products;
			sourceTree = "<group>";
		};
		DE0BBD262892C4D70071371E /* StockRank */ = {
			isa = PBXGroup;
			children = (
				DE0BBD272892C4D70071371E /* AppDelegate.swift */,
				DE0BBD292892C4D70071371E /* SceneDelegate.swift */,
				DE0BBD592892C8190071371E /* StockModel.swift */,
				DE0BBD572892C5230071371E /* StockRankViewController.swift */,
				DE0BBD5B2892D2060071371E /* StockRankCollectionViewCell.swift */,
				DE0BBD2D2892C4D70071371E /* Main.storyboard */,
				DE0BBD302892C4D80071371E /* Assets.xcassets */,
				DE0BBD322892C4D80071371E /* LaunchScreen.storyboard */,
				DE0BBD352892C4D80071371E /* Info.plist */,
			);
			path = StockRank;
			sourceTree = "<group>";
		};
		DE0BBD3D2892C4D80071371E /* StockRankTests */ = {
			isa = PBXGroup;
			children = (
				DE0BBD3E2892C4D80071371E /* StockRankTests.swift */,
			);
			path = StockRankTests;
			sourceTree = "<group>";
		};
		DE0BBD472892C4D80071371E /* StockRankUITests */ = {
			isa = PBXGroup;
			children = (
				DE0BBD482892C4D80071371E /* StockRankUITests.swift */,
				DE0BBD4A2892C4D80071371E /* StockRankUITestsLaunchTests.swift */,
			);
			path = StockRankUITests;
			sourceTree = "<group>";
		};
/* End PBXGroup section */

/* Begin PBXNativeTarget section */
		DE0BBD232892C4D70071371E /* StockRank */ = {
			isa = PBXNativeTarget;
			buildConfigurationList = DE0BBD4E2892C4D80071371E /* Build configuration list for PBXNativeTarget "StockRank" */;
			buildPhases = (
				DE0BBD202892C4D70071371E /* Sources */,
				DE0BBD212892C4D70071371E /* Frameworks */,
				DE0BBD222892C4D70071371E /* Resources */,
			);
			buildRules = (
			);
			dependencies = (
			);
			name = StockRank;
			productName = StockRank;
			productReference = DE0BBD242892C4D70071371E /* StockRank.app */;
			productType = "com.apple.product-type.application";
		};
		DE0BBD392892C4D80071371E /* StockRankTests */ = {
			isa = PBXNativeTarget;
			buildConfigurationList = DE0BBD512892C4D80071371E /* Build configuration list for PBXNativeTarget "StockRankTests" */;
			buildPhases = (
				DE0BBD362892C4D80071371E /* Sources */,
				DE0BBD372892C4D80071371E /* Frameworks */,
				DE0BBD382892C4D80071371E /* Resources */,
			);
			buildRules = (
			);
			dependencies = (
				DE0BBD3C2892C4D80071371E /* PBXTargetDependency */,
			);
			name = StockRankTests;
			productName = StockRankTests;
			productReference = DE0BBD3A2892C4D80071371E /* StockRankTests.xctest */;
			productType = "com.apple.product-type.bundle.unit-test";
		};
		DE0BBD432892C4D80071371E /* StockRankUITests */ = {
			isa = PBXNativeTarget;
			buildConfigurationList = DE0BBD542892C4D80071371E /* Build configuration list for PBXNativeTarget "StockRankUITests" */;
			buildPhases = (
				DE0BBD402892C4D80071371E /* Sources */,
				DE0BBD412892C4D80071371E /* Frameworks */,
				DE0BBD422892C4D80071371E /* Resources */,
			);
			buildRules = (
			);
			dependencies = (
				DE0BBD462892C4D80071371E /* PBXTargetDependency */,
			);
			name = StockRankUITests;
			productName = StockRankUITests;
			productReference = DE0BBD442892C4D80071371E /* StockRankUITests.xctest */;
			productType = "com.apple.product-type.bundle.ui-testing";
		};
/* End PBXNativeTarget section */

/* Begin PBXProject section */
		DE0BBD1C2892C4D70071371E /* Project object */ = {
			isa = PBXProject;
			attributes = {
				BuildIndependentTargetsInParallel = 1;
				LastSwiftUpdateCheck = 1340;
				LastUpgradeCheck = 1340;
				TargetAttributes = {
					DE0BBD232892C4D70071371E = {
						CreatedOnToolsVersion = 13.4.1;
					};
					DE0BBD392892C4D80071371E = {
						CreatedOnToolsVersion = 13.4.1;
						TestTargetID = DE0BBD232892C4D70071371E;
					};
					DE0BBD432892C4D80071371E = {
						CreatedOnToolsVersion = 13.4.1;
						TestTargetID = DE0BBD232892C4D70071371E;
					};
				};
			};
			buildConfigurationList = DE0BBD1F2892C4D70071371E /* Build configuration list for PBXProject "StockRank" */;
			compatibilityVersion = "Xcode 13.0";
			developmentRegion = en;
			hasScannedForEncodings = 0;
			knownRegions = (
				en,
				Base,
			);
			mainGroup = DE0BBD1B2892C4D70071371E;
			productRefGroup = DE0BBD252892C4D70071371E /* Products */;
			projectDirPath = "";
			projectRoot = "";
			targets = (
				DE0BBD232892C4D70071371E /* StockRank */,
				DE0BBD392892C4D80071371E /* StockRankTests */,
				DE0BBD432892C4D80071371E /* StockRankUITests */,
			);
		};
/* End PBXProject section */

/* Begin PBXResourcesBuildPhase section */
		DE0BBD222892C4D70071371E /* Resources */ = {
			isa = PBXResourcesBuildPhase;
			buildActionMask = 2147483647;
			files = (
				DE0BBD342892C4D80071371E /* LaunchScreen.storyboard in Resources */,
				DE0BBD312892C4D80071371E /* Assets.xcassets in Resources */,
				DE0BBD2F2892C4D70071371E /* Main.storyboard in Resources */,
			);
			runOnlyForDeploymentPostprocessing = 0;
		};
		DE0BBD382892C4D80071371E /* Resources */ = {
			isa = PBXResourcesBuildPhase;
			buildActionMask = 2147483647;
			files = (
			);
			runOnlyForDeploymentPostprocessing = 0;
		};
		DE0BBD422892C4D80071371E /* Resources */ = {
			isa = PBXResourcesBuildPhase;
			buildActionMask = 2147483647;
			files = (
			);
			runOnlyForDeploymentPostprocessing = 0;
		};
/* End PBXResourcesBuildPhase section */

/* Begin PBXSourcesBuildPhase section */
		DE0BBD202892C4D70071371E /* Sources */ = {
			isa = PBXSourcesBuildPhase;
			buildActionMask = 2147483647;
			files = (
				DE0BBD5A2892C8190071371E /* StockModel.swift in Sources */,
				DE0BBD282892C4D70071371E /* AppDelegate.swift in Sources */,
				DE0BBD5C2892D2060071371E /* StockRankCollectionViewCell.swift in Sources */,
				DE0BBD2A2892C4D70071371E /* SceneDelegate.swift in Sources */,
				DE0BBD582892C5230071371E /* StockRankViewController.swift in Sources */,
			);
			runOnlyForDeploymentPostprocessing = 0;
		};
		DE0BBD362892C4D80071371E /* Sources */ = {
			isa = PBXSourcesBuildPhase;
			buildActionMask = 2147483647;
			files = (
				DE0BBD3F2892C4D80071371E /* StockRankTests.swift in Sources */,
			);
			runOnlyForDeploymentPostprocessing = 0;
		};
		DE0BBD402892C4D80071371E /* Sources */ = {
			isa = PBXSourcesBuildPhase;
			buildActionMask = 2147483647;
			files = (
				DE0BBD492892C4D80071371E /* StockRankUITests.swift in Sources */,
				DE0BBD4B2892C4D80071371E /* StockRankUITestsLaunchTests.swift in Sources */,
			);
			runOnlyForDeploymentPostprocessing = 0;
		};
/* End PBXSourcesBuildPhase section */

/* Begin PBXTargetDependency section */
		DE0BBD3C2892C4D80071371E /* PBXTargetDependency */ = {
			isa = PBXTargetDependency;
			target = DE0BBD232892C4D70071371E /* StockRank */;
			targetProxy = DE0BBD3B2892C4D80071371E /* PBXContainerItemProxy */;
		};
		DE0BBD462892C4D80071371E /* PBXTargetDependency */ = {
			isa = PBXTargetDependency;
			target = DE0BBD232892C4D70071371E /* StockRank */;
			targetProxy = DE0BBD452892C4D80071371E /* PBXContainerItemProxy */;
		};
/* End PBXTargetDependency section */

/* Begin PBXVariantGroup section */
		DE0BBD2D2892C4D70071371E /* Main.storyboard */ = {
			isa = PBXVariantGroup;
			children = (
				DE0BBD2E2892C4D70071371E /* Base */,
			);
			name = Main.storyboard;
			sourceTree = "<group>";
		};
		DE0BBD322892C4D80071371E /* LaunchScreen.storyboard */ = {
			isa = PBXVariantGroup;
			children = (
				DE0BBD332892C4D80071371E /* Base */,
			);
			name = LaunchScreen.storyboard;
			sourceTree = "<group>";
		};
/* End PBXVariantGroup section */

/* Begin XCBuildConfiguration section */
		DE0BBD4C2892C4D80071371E /* Debug */ = {
			isa = XCBuildConfiguration;
			buildSettings = {
				ALWAYS_SEARCH_USER_PATHS = NO;
				CLANG_ANALYZER_NONNULL = YES;
				CLANG_ANALYZER_NUMBER_OBJECT_CONVERSION = YES_AGGRESSIVE;
				CLANG_CXX_LANGUAGE_STANDARD = "gnu++17";
				CLANG_ENABLE_MODULES = YES;
				CLANG_ENABLE_OBJC_ARC = YES;
				CLANG_ENABLE_OBJC_WEAK = YES;
				CLANG_WARN_BLOCK_CAPTURE_AUTORELEASING = YES;
				CLANG_WARN_BOOL_CONVERSION = YES;
				CLANG_WARN_COMMA = YES;
				CLANG_WARN_CONSTANT_CONVERSION = YES;
				CLANG_WARN_DEPRECATED_OBJC_IMPLEMENTATIONS = YES;
				CLANG_WARN_DIRECT_OBJC_ISA_USAGE = YES_ERROR;
				CLANG_WARN_DOCUMENTATION_COMMENTS = YES;
				CLANG_WARN_EMPTY_BODY = YES;
				CLANG_WARN_ENUM_CONVERSION = YES;
				CLANG_WARN_INFINITE_RECURSION = YES;
				CLANG_WARN_INT_CONVERSION = YES;
				CLANG_WARN_NON_LITERAL_NULL_CONVERSION = YES;
				CLANG_WARN_OBJC_IMPLICIT_RETAIN_SELF = YES;
				CLANG_WARN_OBJC_LITERAL_CONVERSION = YES;
				CLANG_WARN_OBJC_ROOT_CLASS = YES_ERROR;
				CLANG_WARN_QUOTED_INCLUDE_IN_FRAMEWORK_HEADER = YES;
				CLANG_WARN_RANGE_LOOP_ANALYSIS = YES;
				CLANG_WARN_STRICT_PROTOTYPES = YES;
				CLANG_WARN_SUSPICIOUS_MOVE = YES;
				CLANG_WARN_UNGUARDED_AVAILABILITY = YES_AGGRESSIVE;
				CLANG_WARN_UNREACHABLE_CODE = YES;
				CLANG_WARN__DUPLICATE_METHOD_MATCH = YES;
				COPY_PHASE_STRIP = NO;
				DEBUG_INFORMATION_FORMAT = dwarf;
				ENABLE_STRICT_OBJC_MSGSEND = YES;
				ENABLE_TESTABILITY = YES;
				GCC_C_LANGUAGE_STANDARD = gnu11;
				GCC_DYNAMIC_NO_PIC = NO;
				GCC_NO_COMMON_BLOCKS = YES;
				GCC_OPTIMIZATION_LEVEL = 0;
				GCC_PREPROCESSOR_DEFINITIONS = (
					"DEBUG=1",
					"$(inherited)",
				);
				GCC_WARN_64_TO_32_BIT_CONVERSION = YES;
				GCC_WARN_ABOUT_RETURN_TYPE = YES_ERROR;
				GCC_WARN_UNDECLARED_SELECTOR = YES;
				GCC_WARN_UNINITIALIZED_AUTOS = YES_AGGRESSIVE;
				GCC_WARN_UNUSED_FUNCTION = YES;
				GCC_WARN_UNUSED_VARIABLE = YES;
				IPHONEOS_DEPLOYMENT_TARGET = 15.5;
				MTL_ENABLE_DEBUG_INFO = INCLUDE_SOURCE;
				MTL_FAST_MATH = YES;
				ONLY_ACTIVE_ARCH = YES;
				SDKROOT = iphoneos;
				SWIFT_ACTIVE_COMPILATION_CONDITIONS = DEBUG;
				SWIFT_OPTIMIZATION_LEVEL = "-Onone";
			};
			name = Debug;
		};
		DE0BBD4D2892C4D80071371E /* Release */ = {
			isa = XCBuildConfiguration;
			buildSettings = {
				ALWAYS_SEARCH_USER_PATHS = NO;
				CLANG_ANALYZER_NONNULL = YES;
				CLANG_ANALYZER_NUMBER_OBJECT_CONVERSION = YES_AGGRESSIVE;
				CLANG_CXX_LANGUAGE_STANDARD = "gnu++17";
				CLANG_ENABLE_MODULES = YES;
				CLANG_ENABLE_OBJC_ARC = YES;
				CLANG_ENABLE_OBJC_WEAK = YES;
				CLANG_WARN_BLOCK_CAPTURE_AUTORELEASING = YES;
				CLANG_WARN_BOOL_CONVERSION = YES;
				CLANG_WARN_COMMA = YES;
				CLANG_WARN_CONSTANT_CONVERSION = YES;
				CLANG_WARN_DEPRECATED_OBJC_IMPLEMENTATIONS = YES;
				CLANG_WARN_DIRECT_OBJC_ISA_USAGE = YES_ERROR;
				CLANG_WARN_DOCUMENTATION_COMMENTS = YES;
				CLANG_WARN_EMPTY_BODY = YES;
				CLANG_WARN_ENUM_CONVERSION = YES;
				CLANG_WARN_INFINITE_RECURSION = YES;
				CLANG_WARN_INT_CONVERSION = YES;
				CLANG_WARN_NON_LITERAL_NULL_CONVERSION = YES;
				CLANG_WARN_OBJC_IMPLICIT_RETAIN_SELF = YES;
				CLANG_WARN_OBJC_LITERAL_CONVERSION = YES;
				CLANG_WARN_OBJC_ROOT_CLASS = YES_ERROR;
				CLANG_WARN_QUOTED_INCLUDE_IN_FRAMEWORK_HEADER = YES;
				CLANG_WARN_RANGE_LOOP_ANALYSIS = YES;
				CLANG_WARN_STRICT_PROTOTYPES = YES;
				CLANG_WARN_SUSPICIOUS_MOVE = YES;
				CLANG_WARN_UNGUARDED_AVAILABILITY = YES_AGGRESSIVE;
				CLANG_WARN_UNREACHABLE_CODE = YES;
				CLANG_WARN__DUPLICATE_METHOD_MATCH = YES;
				COPY_PHASE_STRIP = NO;
				DEBUG_INFORMATION_FORMAT = "dwarf-with-dsym";
				ENABLE_NS_ASSERTIONS = NO;
				ENABLE_STRICT_OBJC_MSGSEND = YES;
				GCC_C_LANGUAGE_STANDARD = gnu11;
				GCC_NO_COMMON_BLOCKS = YES;
				GCC_WARN_64_TO_32_BIT_CONVERSION = YES;
				GCC_WARN_ABOUT_RETURN_TYPE = YES_ERROR;
				GCC_WARN_UNDECLARED_SELECTOR = YES;
				GCC_WARN_UNINITIALIZED_AUTOS = YES_AGGRESSIVE;
				GCC_WARN_UNUSED_FUNCTION = YES;
				GCC_WARN_UNUSED_VARIABLE = YES;
				IPHONEOS_DEPLOYMENT_TARGET = 15.5;
				MTL_ENABLE_DEBUG_INFO = NO;
				MTL_FAST_MATH = YES;
				SDKROOT = iphoneos;
				SWIFT_COMPILATION_MODE = wholemodule;
				SWIFT_OPTIMIZATION_LEVEL = "-O";
				VALIDATE_PRODUCT = YES;
			};
			name = Release;
		};
		DE0BBD4F2892C4D80071371E /* Debug */ = {
			isa = XCBuildConfiguration;
			buildSettings = {
				ASSETCATALOG_COMPILER_APPICON_NAME = AppIcon;
				ASSETCATALOG_COMPILER_GLOBAL_ACCENT_COLOR_NAME = AccentColor;
				CODE_SIGN_STYLE = Automatic;
				CURRENT_PROJECT_VERSION = 1;
				DEVELOPMENT_TEAM = 6LXF3U77V6;
				GENERATE_INFOPLIST_FILE = YES;
				INFOPLIST_FILE = StockRank/Info.plist;
				INFOPLIST_KEY_UIApplicationSupportsIndirectInputEvents = YES;
				INFOPLIST_KEY_UILaunchStoryboardName = LaunchScreen;
				INFOPLIST_KEY_UIMainStoryboardFile = Main;
				INFOPLIST_KEY_UISupportedInterfaceOrientations_iPad = "UIInterfaceOrientationPortrait UIInterfaceOrientationPortraitUpsideDown UIInterfaceOrientationLandscapeLeft UIInterfaceOrientationLandscapeRight";
				INFOPLIST_KEY_UISupportedInterfaceOrientations_iPhone = "UIInterfaceOrientationPortrait UIInterfaceOrientationLandscapeLeft UIInterfaceOrientationLandscapeRight";
				LD_RUNPATH_SEARCH_PATHS = (
					"$(inherited)",
					"@executable_path/Frameworks",
				);
				MARKETING_VERSION = 1.0;
				PRODUCT_BUNDLE_IDENTIFIER = fastcam.StockRank;
				PRODUCT_NAME = "$(TARGET_NAME)";
				SWIFT_EMIT_LOC_STRINGS = YES;
				SWIFT_VERSION = 5.0;
				TARGETED_DEVICE_FAMILY = "1,2";
			};
			name = Debug;
		};
		DE0BBD502892C4D80071371E /* Release */ = {
			isa = XCBuildConfiguration;
			buildSettings = {
				ASSETCATALOG_COMPILER_APPICON_NAME = AppIcon;
				ASSETCATALOG_COMPILER_GLOBAL_ACCENT_COLOR_NAME = AccentColor;
				CODE_SIGN_STYLE = Automatic;
				CURRENT_PROJECT_VERSION = 1;
				DEVELOPMENT_TEAM = 6LXF3U77V6;
				GENERATE_INFOPLIST_FILE = YES;
				INFOPLIST_FILE = StockRank/Info.plist;
				INFOPLIST_KEY_UIApplicationSupportsIndirectInputEvents = YES;
				INFOPLIST_KEY_UILaunchStoryboardName = LaunchScreen;
				INFOPLIST_KEY_UIMainStoryboardFile = Main;
				INFOPLIST_KEY_UISupportedInterfaceOrientations_iPad = "UIInterfaceOrientationPortrait UIInterfaceOrientationPortraitUpsideDown UIInterfaceOrientationLandscapeLeft UIInterfaceOrientationLandscapeRight";
				INFOPLIST_KEY_UISupportedInterfaceOrientations_iPhone = "UIInterfaceOrientationPortrait UIInterfaceOrientationLandscapeLeft UIInterfaceOrientationLandscapeRight";
				LD_RUNPATH_SEARCH_PATHS = (
					"$(inherited)",
					"@executable_path/Frameworks",
				);
				MARKETING_VERSION = 1.0;
				PRODUCT_BUNDLE_IDENTIFIER = fastcam.StockRank;
				PRODUCT_NAME = "$(TARGET_NAME)";
				SWIFT_EMIT_LOC_STRINGS = YES;
				SWIFT_VERSION = 5.0;
				TARGETED_DEVICE_FAMILY = "1,2";
			};
			name = Release;
		};
		DE0BBD522892C4D80071371E /* Debug */ = {
			isa = XCBuildConfiguration;
			buildSettings = {
				ALWAYS_EMBED_SWIFT_STANDARD_LIBRARIES = YES;
				BUNDLE_LOADER = "$(TEST_HOST)";
				CODE_SIGN_STYLE = Automatic;
				CURRENT_PROJECT_VERSION = 1;
				DEVELOPMENT_TEAM = 6LXF3U77V6;
				GENERATE_INFOPLIST_FILE = YES;
				IPHONEOS_DEPLOYMENT_TARGET = 15.5;
				MARKETING_VERSION = 1.0;
				PRODUCT_BUNDLE_IDENTIFIER = fastcam.StockRankTests;
				PRODUCT_NAME = "$(TARGET_NAME)";
				SWIFT_EMIT_LOC_STRINGS = NO;
				SWIFT_VERSION = 5.0;
				TARGETED_DEVICE_FAMILY = "1,2";
				TEST_HOST = "$(BUILT_PRODUCTS_DIR)/StockRank.app/StockRank";
			};
			name = Debug;
		};
		DE0BBD532892C4D80071371E /* Release */ = {
			isa = XCBuildConfiguration;
			buildSettings = {
				ALWAYS_EMBED_SWIFT_STANDARD_LIBRARIES = YES;
				BUNDLE_LOADER = "$(TEST_HOST)";
				CODE_SIGN_STYLE = Automatic;
				CURRENT_PROJECT_VERSION = 1;
				DEVELOPMENT_TEAM = 6LXF3U77V6;
				GENERATE_INFOPLIST_FILE = YES;
				IPHONEOS_DEPLOYMENT_TARGET = 15.5;
				MARKETING_VERSION = 1.0;
				PRODUCT_BUNDLE_IDENTIFIER = fastcam.StockRankTests;
				PRODUCT_NAME = "$(TARGET_NAME)";
				SWIFT_EMIT_LOC_STRINGS = NO;
				SWIFT_VERSION = 5.0;
				TARGETED_DEVICE_FAMILY = "1,2";
				TEST_HOST = "$(BUILT_PRODUCTS_DIR)/StockRank.app/StockRank";
			};
			name = Release;
		};
		DE0BBD552892C4D80071371E /* Debug */ = {
			isa = XCBuildConfiguration;
			buildSettings = {
				ALWAYS_EMBED_SWIFT_STANDARD_LIBRARIES = YES;
				CODE_SIGN_STYLE = Automatic;
				CURRENT_PROJECT_VERSION = 1;
				DEVELOPMENT_TEAM = 6LXF3U77V6;
				GENERATE_INFOPLIST_FILE = YES;
				MARKETING_VERSION = 1.0;
				PRODUCT_BUNDLE_IDENTIFIER = fastcam.StockRankUITests;
				PRODUCT_NAME = "$(TARGET_NAME)";
				SWIFT_EMIT_LOC_STRINGS = NO;
				SWIFT_VERSION = 5.0;
				TARGETED_DEVICE_FAMILY = "1,2";
				TEST_TARGET_NAME = StockRank;
			};
			name = Debug;
		};
		DE0BBD562892C4D80071371E /* Release */ = {
			isa = XCBuildConfiguration;
			buildSettings = {
				ALWAYS_EMBED_SWIFT_STANDARD_LIBRARIES = YES;
				CODE_SIGN_STYLE = Automatic;
				CURRENT_PROJECT_VERSION = 1;
				DEVELOPMENT_TEAM = 6LXF3U77V6;
				GENERATE_INFOPLIST_FILE = YES;
				MARKETING_VERSION = 1.0;
				PRODUCT_BUNDLE_IDENTIFIER = fastcam.StockRankUITests;
				PRODUCT_NAME = "$(TARGET_NAME)";
				SWIFT_EMIT_LOC_STRINGS = NO;
				SWIFT_VERSION = 5.0;
				TARGETED_DEVICE_FAMILY = "1,2";
				TEST_TARGET_NAME = StockRank;
			};
			name = Release;
		};
/* End XCBuildConfiguration section */

/* Begin XCConfigurationList section */
		DE0BBD1F2892C4D70071371E /* Build configuration list for PBXProject "StockRank" */ = {
			isa = XCConfigurationList;
			buildConfigurations = (
				DE0BBD4C2892C4D80071371E /* Debug */,
				DE0BBD4D2892C4D80071371E /* Release */,
			);
			defaultConfigurationIsVisible = 0;
			defaultConfigurationName = Release;
		};
		DE0BBD4E2892C4D80071371E /* Build configuration list for PBXNativeTarget "StockRank" */ = {
			isa = XCConfigurationList;
			buildConfigurations = (
				DE0BBD4F2892C4D80071371E /* Debug */,
				DE0BBD502892C4D80071371E /* Release */,
			);
			defaultConfigurationIsVisible = 0;
			defaultConfigurationName = Release;
		};
		DE0BBD512892C4D80071371E /* Build configuration list for PBXNativeTarget "StockRankTests" */ = {
			isa = XCConfigurationList;
			buildConfigurations = (
				DE0BBD522892C4D80071371E /* Debug */,
				DE0BBD532892C4D80071371E /* Release */,
			);
			defaultConfigurationIsVisible = 0;
			defaultConfigurationName = Release;
		};
		DE0BBD542892C4D80071371E /* Build configuration list for PBXNativeTarget "StockRankUITests" */ = {
			isa = XCConfigurationList;
			buildConfigurations = (
				DE0BBD552892C4D80071371E /* Debug */,
				DE0BBD562892C4D80071371E /* Release */,
			);
			defaultConfigurationIsVisible = 0;
			defaultConfigurationName = Release;
		};
/* End XCConfigurationList section */
	};
	rootObject = DE0BBD1C2892C4D70071371E /* Project object */;
}
