// !$*UTF8*$!
{
	archiveVersion = 1;
	classes = {
	};
	objectVersion = 55;
	objects = {

/* Begin PBXBuildFile section */
		DEEB4CFC288D3B8400A93F89 /* AppDelegate.swift in Sources */ = {isa = PBXBuildFile; fileRef = DEEB4CFB288D3B8400A93F89 /* AppDelegate.swift */; };
		DEEB4CFE288D3B8400A93F89 /* SceneDelegate.swift in Sources */ = {isa = PBXBuildFile; fileRef = DEEB4CFD288D3B8400A93F89 /* SceneDelegate.swift */; };
		DEEB4D00288D3B8400A93F89 /* ViewController.swift in Sources */ = {isa = PBXBuildFile; fileRef = DEEB4CFF288D3B8400A93F89 /* ViewController.swift */; };
		DEEB4D03288D3B8400A93F89 /* Main.storyboard in Resources */ = {isa = PBXBuildFile; fileRef = DEEB4D01288D3B8400A93F89 /* Main.storyboard */; };
		DEEB4D05288D3B8500A93F89 /* Assets.xcassets in Resources */ = {isa = PBXBuildFile; fileRef = DEEB4D04288D3B8500A93F89 /* Assets.xcassets */; };
		DEEB4D08288D3B8500A93F89 /* LaunchScreen.storyboard in Resources */ = {isa = PBXBuildFile; fileRef = DEEB4D06288D3B8500A93F89 /* LaunchScreen.storyboard */; };
		DEEB4D13288D3B8500A93F89 /* HelloiOSTests.swift in Sources */ = {isa = PBXBuildFile; fileRef = DEEB4D12288D3B8500A93F89 /* HelloiOSTests.swift */; };
		DEEB4D1D288D3B8500A93F89 /* HelloiOSUITests.swift in Sources */ = {isa = PBXBuildFile; fileRef = DEEB4D1C288D3B8500A93F89 /* HelloiOSUITests.swift */; };
		DEEB4D1F288D3B8500A93F89 /* HelloiOSUITestsLaunchTests.swift in Sources */ = {isa = PBXBuildFile; fileRef = DEEB4D1E288D3B8500A93F89 /* HelloiOSUITestsLaunchTests.swift */; };
/* End PBXBuildFile section */

/* Begin PBXContainerItemProxy section */
		DEEB4D0F288D3B8500A93F89 /* PBXContainerItemProxy */ = {
			isa = PBXContainerItemProxy;
			containerPortal = DEEB4CF0288D3B8400A93F89 /* Project object */;
			proxyType = 1;
			remoteGlobalIDString = DEEB4CF7288D3B8400A93F89;
			remoteInfo = HelloiOS;
		};
		DEEB4D19288D3B8500A93F89 /* PBXContainerItemProxy */ = {
			isa = PBXContainerItemProxy;
			containerPortal = DEEB4CF0288D3B8400A93F89 /* Project object */;
			proxyType = 1;
			remoteGlobalIDString = DEEB4CF7288D3B8400A93F89;
			remoteInfo = HelloiOS;
		};
/* End PBXContainerItemProxy section */

/* Begin PBXFileReference section */
		DEEB4CF8288D3B8400A93F89 /* HelloiOS.app */ = {isa = PBXFileReference; explicitFileType = wrapper.application; includeInIndex = 0; path = HelloiOS.app; sourceTree = BUILT_PRODUCTS_DIR; };
		DEEB4CFB288D3B8400A93F89 /* AppDelegate.swift */ = {isa = PBXFileReference; lastKnownFileType = sourcecode.swift; path = AppDelegate.swift; sourceTree = "<group>"; };
		DEEB4CFD288D3B8400A93F89 /* SceneDelegate.swift */ = {isa = PBXFileReference; lastKnownFileType = sourcecode.swift; path = SceneDelegate.swift; sourceTree = "<group>"; };
		DEEB4CFF288D3B8400A93F89 /* ViewController.swift */ = {isa = PBXFileReference; lastKnownFileType = sourcecode.swift; path = ViewController.swift; sourceTree = "<group>"; };
		DEEB4D02288D3B8400A93F89 /* Base */ = {isa = PBXFileReference; lastKnownFileType = file.storyboard; name = Base; path = Base.lproj/Main.storyboard; sourceTree = "<group>"; };
		DEEB4D04288D3B8500A93F89 /* Assets.xcassets */ = {isa = PBXFileReference; lastKnownFileType = folder.assetcatalog; path = Assets.xcassets; sourceTree = "<group>"; };
		DEEB4D07288D3B8500A93F89 /* Base */ = {isa = PBXFileReference; lastKnownFileType = file.storyboard; name = Base; path = Base.lproj/LaunchScreen.storyboard; sourceTree = "<group>"; };
		DEEB4D09288D3B8500A93F89 /* Info.plist */ = {isa = PBXFileReference; lastKnownFileType = text.plist.xml; path = Info.plist; sourceTree = "<group>"; };
		DEEB4D0E288D3B8500A93F89 /* HelloiOSTests.xctest */ = {isa = PBXFileReference; explicitFileType = wrapper.cfbundle; includeInIndex = 0; path = HelloiOSTests.xctest; sourceTree = BUILT_PRODUCTS_DIR; };
		DEEB4D12288D3B8500A93F89 /* HelloiOSTests.swift */ = {isa = PBXFileReference; lastKnownFileType = sourcecode.swift; path = HelloiOSTests.swift; sourceTree = "<group>"; };
		DEEB4D18288D3B8500A93F89 /* HelloiOSUITests.xctest */ = {isa = PBXFileReference; explicitFileType = wrapper.cfbundle; includeInIndex = 0; path = HelloiOSUITests.xctest; sourceTree = BUILT_PRODUCTS_DIR; };
		DEEB4D1C288D3B8500A93F89 /* HelloiOSUITests.swift */ = {isa = PBXFileReference; lastKnownFileType = sourcecode.swift; path = HelloiOSUITests.swift; sourceTree = "<group>"; };
		DEEB4D1E288D3B8500A93F89 /* HelloiOSUITestsLaunchTests.swift */ = {isa = PBXFileReference; lastKnownFileType = sourcecode.swift; path = HelloiOSUITestsLaunchTests.swift; sourceTree = "<group>"; };
/* End PBXFileReference section */

/* Begin PBXFrameworksBuildPhase section */
		DEEB4CF5288D3B8400A93F89 /* Frameworks */ = {
			isa = PBXFrameworksBuildPhase;
			buildActionMask = 2147483647;
			files = (
			);
			runOnlyForDeploymentPostprocessing = 0;
		};
		DEEB4D0B288D3B8500A93F89 /* Frameworks */ = {
			isa = PBXFrameworksBuildPhase;
			buildActionMask = 2147483647;
			files = (
			);
			runOnlyForDeploymentPostprocessing = 0;
		};
		DEEB4D15288D3B8500A93F89 /* Frameworks */ = {
			isa = PBXFrameworksBuildPhase;
			buildActionMask = 2147483647;
			files = (
			);
			runOnlyForDeploymentPostprocessing = 0;
		};
/* End PBXFrameworksBuildPhase section */

/* Begin PBXGroup section */
		DEEB4CEF288D3B8400A93F89 = {
			isa = PBXGroup;
			children = (
				DEEB4CFA288D3B8400A93F89 /* HelloiOS */,
				DEEB4D11288D3B8500A93F89 /* HelloiOSTests */,
				DEEB4D1B288D3B8500A93F89 /* HelloiOSUITests */,
				DEEB4CF9288D3B8400A93F89 /* Products */,
			);
			sourceTree = "<group>";
		};
		DEEB4CF9288D3B8400A93F89 /* Products */ = {
			isa = PBXGroup;
			children = (
				DEEB4CF8288D3B8400A93F89 /* HelloiOS.app */,
				DEEB4D0E288D3B8500A93F89 /* HelloiOSTests.xctest */,
				DEEB4D18288D3B8500A93F89 /* HelloiOSUITests.xctest */,
			);
			name = Products;
			sourceTree = "<group>";
		};
		DEEB4CFA288D3B8400A93F89 /* HelloiOS */ = {
			isa = PBXGroup;
			children = (
				DEEB4CFB288D3B8400A93F89 /* AppDelegate.swift */,
				DEEB4CFD288D3B8400A93F89 /* SceneDelegate.swift */,
				DEEB4CFF288D3B8400A93F89 /* ViewController.swift */,
				DEEB4D01288D3B8400A93F89 /* Main.storyboard */,
				DEEB4D04288D3B8500A93F89 /* Assets.xcassets */,
				DEEB4D06288D3B8500A93F89 /* LaunchScreen.storyboard */,
				DEEB4D09288D3B8500A93F89 /* Info.plist */,
			);
			path = HelloiOS;
			sourceTree = "<group>";
		};
		DEEB4D11288D3B8500A93F89 /* HelloiOSTests */ = {
			isa = PBXGroup;
			children = (
				DEEB4D12288D3B8500A93F89 /* HelloiOSTests.swift */,
			);
			path = HelloiOSTests;
			sourceTree = "<group>";
		};
		DEEB4D1B288D3B8500A93F89 /* HelloiOSUITests */ = {
			isa = PBXGroup;
			children = (
				DEEB4D1C288D3B8500A93F89 /* HelloiOSUITests.swift */,
				DEEB4D1E288D3B8500A93F89 /* HelloiOSUITestsLaunchTests.swift */,
			);
			path = HelloiOSUITests;
			sourceTree = "<group>";
		};
/* End PBXGroup section */

/* Begin PBXNativeTarget section */
		DEEB4CF7288D3B8400A93F89 /* HelloiOS */ = {
			isa = PBXNativeTarget;
			buildConfigurationList = DEEB4D22288D3B8500A93F89 /* Build configuration list for PBXNativeTarget "HelloiOS" */;
			buildPhases = (
				DEEB4CF4288D3B8400A93F89 /* Sources */,
				DEEB4CF5288D3B8400A93F89 /* Frameworks */,
				DEEB4CF6288D3B8400A93F89 /* Resources */,
			);
			buildRules = (
			);
			dependencies = (
			);
			name = HelloiOS;
			productName = HelloiOS;
			productReference = DEEB4CF8288D3B8400A93F89 /* HelloiOS.app */;
			productType = "com.apple.product-type.application";
		};
		DEEB4D0D288D3B8500A93F89 /* HelloiOSTests */ = {
			isa = PBXNativeTarget;
			buildConfigurationList = DEEB4D25288D3B8500A93F89 /* Build configuration list for PBXNativeTarget "HelloiOSTests" */;
			buildPhases = (
				DEEB4D0A288D3B8500A93F89 /* Sources */,
				DEEB4D0B288D3B8500A93F89 /* Frameworks */,
				DEEB4D0C288D3B8500A93F89 /* Resources */,
			);
			buildRules = (
			);
			dependencies = (
				DEEB4D10288D3B8500A93F89 /* PBXTargetDependency */,
			);
			name = HelloiOSTests;
			productName = HelloiOSTests;
			productReference = DEEB4D0E288D3B8500A93F89 /* HelloiOSTests.xctest */;
			productType = "com.apple.product-type.bundle.unit-test";
		};
		DEEB4D17288D3B8500A93F89 /* HelloiOSUITests */ = {
			isa = PBXNativeTarget;
			buildConfigurationList = DEEB4D28288D3B8500A93F89 /* Build configuration list for PBXNativeTarget "HelloiOSUITests" */;
			buildPhases = (
				DEEB4D14288D3B8500A93F89 /* Sources */,
				DEEB4D15288D3B8500A93F89 /* Frameworks */,
				DEEB4D16288D3B8500A93F89 /* Resources */,
			);
			buildRules = (
			);
			dependencies = (
				DEEB4D1A288D3B8500A93F89 /* PBXTargetDependency */,
			);
			name = HelloiOSUITests;
			productName = HelloiOSUITests;
			productReference = DEEB4D18288D3B8500A93F89 /* HelloiOSUITests.xctest */;
			productType = "com.apple.product-type.bundle.ui-testing";
		};
/* End PBXNativeTarget section */

/* Begin PBXProject section */
		DEEB4CF0288D3B8400A93F89 /* Project object */ = {
			isa = PBXProject;
			attributes = {
				BuildIndependentTargetsInParallel = 1;
				LastSwiftUpdateCheck = 1340;
				LastUpgradeCheck = 1340;
				TargetAttributes = {
					DEEB4CF7288D3B8400A93F89 = {
						CreatedOnToolsVersion = 13.4.1;
					};
					DEEB4D0D288D3B8500A93F89 = {
						CreatedOnToolsVersion = 13.4.1;
						TestTargetID = DEEB4CF7288D3B8400A93F89;
					};
					DEEB4D17288D3B8500A93F89 = {
						CreatedOnToolsVersion = 13.4.1;
						TestTargetID = DEEB4CF7288D3B8400A93F89;
					};
				};
			};
			buildConfigurationList = DEEB4CF3288D3B8400A93F89 /* Build configuration list for PBXProject "HelloiOS" */;
			compatibilityVersion = "Xcode 13.0";
			developmentRegion = en;
			hasScannedForEncodings = 0;
			knownRegions = (
				en,
				Base,
			);
			mainGroup = DEEB4CEF288D3B8400A93F89;
			productRefGroup = DEEB4CF9288D3B8400A93F89 /* Products */;
			projectDirPath = "";
			projectRoot = "";
			targets = (
				DEEB4CF7288D3B8400A93F89 /* HelloiOS */,
				DEEB4D0D288D3B8500A93F89 /* HelloiOSTests */,
				DEEB4D17288D3B8500A93F89 /* HelloiOSUITests */,
			);
		};
/* End PBXProject section */

/* Begin PBXResourcesBuildPhase section */
		DEEB4CF6288D3B8400A93F89 /* Resources */ = {
			isa = PBXResourcesBuildPhase;
			buildActionMask = 2147483647;
			files = (
				DEEB4D08288D3B8500A93F89 /* LaunchScreen.storyboard in Resources */,
				DEEB4D05288D3B8500A93F89 /* Assets.xcassets in Resources */,
				DEEB4D03288D3B8400A93F89 /* Main.storyboard in Resources */,
			);
			runOnlyForDeploymentPostprocessing = 0;
		};
		DEEB4D0C288D3B8500A93F89 /* Resources */ = {
			isa = PBXResourcesBuildPhase;
			buildActionMask = 2147483647;
			files = (
			);
			runOnlyForDeploymentPostprocessing = 0;
		};
		DEEB4D16288D3B8500A93F89 /* Resources */ = {
			isa = PBXResourcesBuildPhase;
			buildActionMask = 2147483647;
			files = (
			);
			runOnlyForDeploymentPostprocessing = 0;
		};
/* End PBXResourcesBuildPhase section */

/* Begin PBXSourcesBuildPhase section */
		DEEB4CF4288D3B8400A93F89 /* Sources */ = {
			isa = PBXSourcesBuildPhase;
			buildActionMask = 2147483647;
			files = (
				DEEB4D00288D3B8400A93F89 /* ViewController.swift in Sources */,
				DEEB4CFC288D3B8400A93F89 /* AppDelegate.swift in Sources */,
				DEEB4CFE288D3B8400A93F89 /* SceneDelegate.swift in Sources */,
			);
			runOnlyForDeploymentPostprocessing = 0;
		};
		DEEB4D0A288D3B8500A93F89 /* Sources */ = {
			isa = PBXSourcesBuildPhase;
			buildActionMask = 2147483647;
			files = (
				DEEB4D13288D3B8500A93F89 /* HelloiOSTests.swift in Sources */,
			);
			runOnlyForDeploymentPostprocessing = 0;
		};
		DEEB4D14288D3B8500A93F89 /* Sources */ = {
			isa = PBXSourcesBuildPhase;
			buildActionMask = 2147483647;
			files = (
				DEEB4D1F288D3B8500A93F89 /* HelloiOSUITestsLaunchTests.swift in Sources */,
				DEEB4D1D288D3B8500A93F89 /* HelloiOSUITests.swift in Sources */,
			);
			runOnlyForDeploymentPostprocessing = 0;
		};
/* End PBXSourcesBuildPhase section */

/* Begin PBXTargetDependency section */
		DEEB4D10288D3B8500A93F89 /* PBXTargetDependency */ = {
			isa = PBXTargetDependency;
			target = DEEB4CF7288D3B8400A93F89 /* HelloiOS */;
			targetProxy = DEEB4D0F288D3B8500A93F89 /* PBXContainerItemProxy */;
		};
		DEEB4D1A288D3B8500A93F89 /* PBXTargetDependency */ = {
			isa = PBXTargetDependency;
			target = DEEB4CF7288D3B8400A93F89 /* HelloiOS */;
			targetProxy = DEEB4D19288D3B8500A93F89 /* PBXContainerItemProxy */;
		};
/* End PBXTargetDependency section */

/* Begin PBXVariantGroup section */
		DEEB4D01288D3B8400A93F89 /* Main.storyboard */ = {
			isa = PBXVariantGroup;
			children = (
				DEEB4D02288D3B8400A93F89 /* Base */,
			);
			name = Main.storyboard;
			sourceTree = "<group>";
		};
		DEEB4D06288D3B8500A93F89 /* LaunchScreen.storyboard */ = {
			isa = PBXVariantGroup;
			children = (
				DEEB4D07288D3B8500A93F89 /* Base */,
			);
			name = LaunchScreen.storyboard;
			sourceTree = "<group>";
		};
/* End PBXVariantGroup section */

/* Begin XCBuildConfiguration section */
		DEEB4D20288D3B8500A93F89 /* Debug */ = {
			isa = XCBuildConfiguration;
			buildSettings = {
				ALWAYS_SEARCH_USER_PATHS = NO;
				CLANG_ANALYZER_NONNULL = YES;
				CLANG_ANALYZER_NUMBER_OBJECT_CONVERSION = YES_AGGRESSIVE;
				CLANG_CXX_LANGUAGE_STANDARD = "gnu++17";
				CLANG_ENABLE_MODULES = YES;
				CLANG_ENABLE_OBJC_ARC = YES;
				CLANG_ENABLE_OBJC_WEAK = YES;
				CLANG_WARN_BLOCK_CAPTURE_AUTORELEASING = YES;
				CLANG_WARN_BOOL_CONVERSION = YES;
				CLANG_WARN_COMMA = YES;
				CLANG_WARN_CONSTANT_CONVERSION = YES;
				CLANG_WARN_DEPRECATED_OBJC_IMPLEMENTATIONS = YES;
				CLANG_WARN_DIRECT_OBJC_ISA_USAGE = YES_ERROR;
				CLANG_WARN_DOCUMENTATION_COMMENTS = YES;
				CLANG_WARN_EMPTY_BODY = YES;
				CLANG_WARN_ENUM_CONVERSION = YES;
				CLANG_WARN_INFINITE_RECURSION = YES;
				CLANG_WARN_INT_CONVERSION = YES;
				CLANG_WARN_NON_LITERAL_NULL_CONVERSION = YES;
				CLANG_WARN_OBJC_IMPLICIT_RETAIN_SELF = YES;
				CLANG_WARN_OBJC_LITERAL_CONVERSION = YES;
				CLANG_WARN_OBJC_ROOT_CLASS = YES_ERROR;
				CLANG_WARN_QUOTED_INCLUDE_IN_FRAMEWORK_HEADER = YES;
				CLANG_WARN_RANGE_LOOP_ANALYSIS = YES;
				CLANG_WARN_STRICT_PROTOTYPES = YES;
				CLANG_WARN_SUSPICIOUS_MOVE = YES;
				CLANG_WARN_UNGUARDED_AVAILABILITY = YES_AGGRESSIVE;
				CLANG_WARN_UNREACHABLE_CODE = YES;
				CLANG_WARN__DUPLICATE_METHOD_MATCH = YES;
				COPY_PHASE_STRIP = NO;
				DEBUG_INFORMATION_FORMAT = dwarf;
				ENABLE_STRICT_OBJC_MSGSEND = YES;
				ENABLE_TESTABILITY = YES;
				GCC_C_LANGUAGE_STANDARD = gnu11;
				GCC_DYNAMIC_NO_PIC = NO;
				GCC_NO_COMMON_BLOCKS = YES;
				GCC_OPTIMIZATION_LEVEL = 0;
				GCC_PREPROCESSOR_DEFINITIONS = (
					"DEBUG=1",
					"$(inherited)",
				);
				GCC_WARN_64_TO_32_BIT_CONVERSION = YES;
				GCC_WARN_ABOUT_RETURN_TYPE = YES_ERROR;
				GCC_WARN_UNDECLARED_SELECTOR = YES;
				GCC_WARN_UNINITIALIZED_AUTOS = YES_AGGRESSIVE;
				GCC_WARN_UNUSED_FUNCTION = YES;
				GCC_WARN_UNUSED_VARIABLE = YES;
				IPHONEOS_DEPLOYMENT_TARGET = 15.5;
				MTL_ENABLE_DEBUG_INFO = INCLUDE_SOURCE;
				MTL_FAST_MATH = YES;
				ONLY_ACTIVE_ARCH = YES;
				SDKROOT = iphoneos;
				SWIFT_ACTIVE_COMPILATION_CONDITIONS = DEBUG;
				SWIFT_OPTIMIZATION_LEVEL = "-Onone";
			};
			name = Debug;
		};
		DEEB4D21288D3B8500A93F89 /* Release */ = {
			isa = XCBuildConfiguration;
			buildSettings = {
				ALWAYS_SEARCH_USER_PATHS = NO;
				CLANG_ANALYZER_NONNULL = YES;
				CLANG_ANALYZER_NUMBER_OBJECT_CONVERSION = YES_AGGRESSIVE;
				CLANG_CXX_LANGUAGE_STANDARD = "gnu++17";
				CLANG_ENABLE_MODULES = YES;
				CLANG_ENABLE_OBJC_ARC = YES;
				CLANG_ENABLE_OBJC_WEAK = YES;
				CLANG_WARN_BLOCK_CAPTURE_AUTORELEASING = YES;
				CLANG_WARN_BOOL_CONVERSION = YES;
				CLANG_WARN_COMMA = YES;
				CLANG_WARN_CONSTANT_CONVERSION = YES;
				CLANG_WARN_DEPRECATED_OBJC_IMPLEMENTATIONS = YES;
				CLANG_WARN_DIRECT_OBJC_ISA_USAGE = YES_ERROR;
				CLANG_WARN_DOCUMENTATION_COMMENTS = YES;
				CLANG_WARN_EMPTY_BODY = YES;
				CLANG_WARN_ENUM_CONVERSION = YES;
				CLANG_WARN_INFINITE_RECURSION = YES;
				CLANG_WARN_INT_CONVERSION = YES;
				CLANG_WARN_NON_LITERAL_NULL_CONVERSION = YES;
				CLANG_WARN_OBJC_IMPLICIT_RETAIN_SELF = YES;
				CLANG_WARN_OBJC_LITERAL_CONVERSION = YES;
				CLANG_WARN_OBJC_ROOT_CLASS = YES_ERROR;
				CLANG_WARN_QUOTED_INCLUDE_IN_FRAMEWORK_HEADER = YES;
				CLANG_WARN_RANGE_LOOP_ANALYSIS = YES;
				CLANG_WARN_STRICT_PROTOTYPES = YES;
				CLANG_WARN_SUSPICIOUS_MOVE = YES;
				CLANG_WARN_UNGUARDED_AVAILABILITY = YES_AGGRESSIVE;
				CLANG_WARN_UNREACHABLE_CODE = YES;
				CLANG_WARN__DUPLICATE_METHOD_MATCH = YES;
				COPY_PHASE_STRIP = NO;
				DEBUG_INFORMATION_FORMAT = "dwarf-with-dsym";
				ENABLE_NS_ASSERTIONS = NO;
				ENABLE_STRICT_OBJC_MSGSEND = YES;
				GCC_C_LANGUAGE_STANDARD = gnu11;
				GCC_NO_COMMON_BLOCKS = YES;
				GCC_WARN_64_TO_32_BIT_CONVERSION = YES;
				GCC_WARN_ABOUT_RETURN_TYPE = YES_ERROR;
				GCC_WARN_UNDECLARED_SELECTOR = YES;
				GCC_WARN_UNINITIALIZED_AUTOS = YES_AGGRESSIVE;
				GCC_WARN_UNUSED_FUNCTION = YES;
				GCC_WARN_UNUSED_VARIABLE = YES;
				IPHONEOS_DEPLOYMENT_TARGET = 15.5;
				MTL_ENABLE_DEBUG_INFO = NO;
				MTL_FAST_MATH = YES;
				SDKROOT = iphoneos;
				SWIFT_COMPILATION_MODE = wholemodule;
				SWIFT_OPTIMIZATION_LEVEL = "-O";
				VALIDATE_PRODUCT = YES;
			};
			name = Release;
		};
		DEEB4D23288D3B8500A93F89 /* Debug */ = {
			isa = XCBuildConfiguration;
			buildSettings = {
				ASSETCATALOG_COMPILER_APPICON_NAME = AppIcon;
				ASSETCATALOG_COMPILER_GLOBAL_ACCENT_COLOR_NAME = AccentColor;
				CODE_SIGN_STYLE = Automatic;
				CURRENT_PROJECT_VERSION = 1;
				GENERATE_INFOPLIST_FILE = YES;
				INFOPLIST_FILE = HelloiOS/Info.plist;
				INFOPLIST_KEY_UIApplicationSupportsIndirectInputEvents = YES;
				INFOPLIST_KEY_UILaunchStoryboardName = LaunchScreen;
				INFOPLIST_KEY_UIMainStoryboardFile = Main;
				INFOPLIST_KEY_UISupportedInterfaceOrientations_iPad = "UIInterfaceOrientationPortrait UIInterfaceOrientationPortraitUpsideDown UIInterfaceOrientationLandscapeLeft UIInterfaceOrientationLandscapeRight";
				INFOPLIST_KEY_UISupportedInterfaceOrientations_iPhone = "UIInterfaceOrientationPortrait UIInterfaceOrientationLandscapeLeft UIInterfaceOrientationLandscapeRight";
				LD_RUNPATH_SEARCH_PATHS = (
					"$(inherited)",
					"@executable_path/Frameworks",
				);
				MARKETING_VERSION = 1.0;
				PRODUCT_BUNDLE_IDENTIFIER = practice.HelloiOS;
				PRODUCT_NAME = "$(TARGET_NAME)";
				SWIFT_EMIT_LOC_STRINGS = YES;
				SWIFT_VERSION = 5.0;
				TARGETED_DEVICE_FAMILY = "1,2";
			};
			name = Debug;
		};
		DEEB4D24288D3B8500A93F89 /* Release */ = {
			isa = XCBuildConfiguration;
			buildSettings = {
				ASSETCATALOG_COMPILER_APPICON_NAME = AppIcon;
				ASSETCATALOG_COMPILER_GLOBAL_ACCENT_COLOR_NAME = AccentColor;
				CODE_SIGN_STYLE = Automatic;
				CURRENT_PROJECT_VERSION = 1;
				GENERATE_INFOPLIST_FILE = YES;
				INFOPLIST_FILE = HelloiOS/Info.plist;
				INFOPLIST_KEY_UIApplicationSupportsIndirectInputEvents = YES;
				INFOPLIST_KEY_UILaunchStoryboardName = LaunchScreen;
				INFOPLIST_KEY_UIMainStoryboardFile = Main;
				INFOPLIST_KEY_UISupportedInterfaceOrientations_iPad = "UIInterfaceOrientationPortrait UIInterfaceOrientationPortraitUpsideDown UIInterfaceOrientationLandscapeLeft UIInterfaceOrientationLandscapeRight";
				INFOPLIST_KEY_UISupportedInterfaceOrientations_iPhone = "UIInterfaceOrientationPortrait UIInterfaceOrientationLandscapeLeft UIInterfaceOrientationLandscapeRight";
				LD_RUNPATH_SEARCH_PATHS = (
					"$(inherited)",
					"@executable_path/Frameworks",
				);
				MARKETING_VERSION = 1.0;
				PRODUCT_BUNDLE_IDENTIFIER = practice.HelloiOS;
				PRODUCT_NAME = "$(TARGET_NAME)";
				SWIFT_EMIT_LOC_STRINGS = YES;
				SWIFT_VERSION = 5.0;
				TARGETED_DEVICE_FAMILY = "1,2";
			};
			name = Release;
		};
		DEEB4D26288D3B8500A93F89 /* Debug */ = {
			isa = XCBuildConfiguration;
			buildSettings = {
				ALWAYS_EMBED_SWIFT_STANDARD_LIBRARIES = YES;
				BUNDLE_LOADER = "$(TEST_HOST)";
				CODE_SIGN_STYLE = Automatic;
				CURRENT_PROJECT_VERSION = 1;
				GENERATE_INFOPLIST_FILE = YES;
				IPHONEOS_DEPLOYMENT_TARGET = 15.5;
				MARKETING_VERSION = 1.0;
				PRODUCT_BUNDLE_IDENTIFIER = practice.HelloiOSTests;
				PRODUCT_NAME = "$(TARGET_NAME)";
				SWIFT_EMIT_LOC_STRINGS = NO;
				SWIFT_VERSION = 5.0;
				TARGETED_DEVICE_FAMILY = "1,2";
				TEST_HOST = "$(BUILT_PRODUCTS_DIR)/HelloiOS.app/HelloiOS";
			};
			name = Debug;
		};
		DEEB4D27288D3B8500A93F89 /* Release */ = {
			isa = XCBuildConfiguration;
			buildSettings = {
				ALWAYS_EMBED_SWIFT_STANDARD_LIBRARIES = YES;
				BUNDLE_LOADER = "$(TEST_HOST)";
				CODE_SIGN_STYLE = Automatic;
				CURRENT_PROJECT_VERSION = 1;
				GENERATE_INFOPLIST_FILE = YES;
				IPHONEOS_DEPLOYMENT_TARGET = 15.5;
				MARKETING_VERSION = 1.0;
				PRODUCT_BUNDLE_IDENTIFIER = practice.HelloiOSTests;
				PRODUCT_NAME = "$(TARGET_NAME)";
				SWIFT_EMIT_LOC_STRINGS = NO;
				SWIFT_VERSION = 5.0;
				TARGETED_DEVICE_FAMILY = "1,2";
				TEST_HOST = "$(BUILT_PRODUCTS_DIR)/HelloiOS.app/HelloiOS";
			};
			name = Release;
		};
		DEEB4D29288D3B8500A93F89 /* Debug */ = {
			isa = XCBuildConfiguration;
			buildSettings = {
				ALWAYS_EMBED_SWIFT_STANDARD_LIBRARIES = YES;
				CODE_SIGN_STYLE = Automatic;
				CURRENT_PROJECT_VERSION = 1;
				GENERATE_INFOPLIST_FILE = YES;
				MARKETING_VERSION = 1.0;
				PRODUCT_BUNDLE_IDENTIFIER = practice.HelloiOSUITests;
				PRODUCT_NAME = "$(TARGET_NAME)";
				SWIFT_EMIT_LOC_STRINGS = NO;
				SWIFT_VERSION = 5.0;
				TARGETED_DEVICE_FAMILY = "1,2";
				TEST_TARGET_NAME = HelloiOS;
			};
			name = Debug;
		};
		DEEB4D2A288D3B8500A93F89 /* Release */ = {
			isa = XCBuildConfiguration;
			buildSettings = {
				ALWAYS_EMBED_SWIFT_STANDARD_LIBRARIES = YES;
				CODE_SIGN_STYLE = Automatic;
				CURRENT_PROJECT_VERSION = 1;
				GENERATE_INFOPLIST_FILE = YES;
				MARKETING_VERSION = 1.0;
				PRODUCT_BUNDLE_IDENTIFIER = practice.HelloiOSUITests;
				PRODUCT_NAME = "$(TARGET_NAME)";
				SWIFT_EMIT_LOC_STRINGS = NO;
				SWIFT_VERSION = 5.0;
				TARGETED_DEVICE_FAMILY = "1,2";
				TEST_TARGET_NAME = HelloiOS;
			};
			name = Release;
		};
/* End XCBuildConfiguration section */

/* Begin XCConfigurationList section */
		DEEB4CF3288D3B8400A93F89 /* Build configuration list for PBXProject "HelloiOS" */ = {
			isa = XCConfigurationList;
			buildConfigurations = (
				DEEB4D20288D3B8500A93F89 /* Debug */,
				DEEB4D21288D3B8500A93F89 /* Release */,
			);
			defaultConfigurationIsVisible = 0;
			defaultConfigurationName = Release;
		};
		DEEB4D22288D3B8500A93F89 /* Build configuration list for PBXNativeTarget "HelloiOS" */ = {
			isa = XCConfigurationList;
			buildConfigurations = (
				DEEB4D23288D3B8500A93F89 /* Debug */,
				DEEB4D24288D3B8500A93F89 /* Release */,
			);
			defaultConfigurationIsVisible = 0;
			defaultConfigurationName = Release;
		};
		DEEB4D25288D3B8500A93F89 /* Build configuration list for PBXNativeTarget "HelloiOSTests" */ = {
			isa = XCConfigurationList;
			buildConfigurations = (
				DEEB4D26288D3B8500A93F89 /* Debug */,
				DEEB4D27288D3B8500A93F89 /* Release */,
			);
			defaultConfigurationIsVisible = 0;
			defaultConfigurationName = Release;
		};
		DEEB4D28288D3B8500A93F89 /* Build configuration list for PBXNativeTarget "HelloiOSUITests" */ = {
			isa = XCConfigurationList;
			buildConfigurations = (
				DEEB4D29288D3B8500A93F89 /* Debug */,
				DEEB4D2A288D3B8500A93F89 /* Release */,
			);
			defaultConfigurationIsVisible = 0;
			defaultConfigurationName = Release;
		};
/* End XCConfigurationList section */
	};
	rootObject = DEEB4CF0288D3B8400A93F89 /* Project object */;
}
